
Microsoft Visual Studio Solution File, Format Version 12.00
# Visual Studio Version 17
VisualStudioVersion = 17.14.36414.22
MinimumVisualStudioVersion = 10.0.40219.1
Project("{FAE04EC0-301F-11D3-BF4B-00C04F79EFBC}") = "BankAccountsApp", "BankAccountsApp.csproj", "{159A8C12-3202-451E-A0F2-572ADAF15665}"
EndProject
Global
	GlobalSection(SolutionConfigurationPlatforms) = preSolution
		Debug|Any CPU = Debug|Any CPU
		Release|Any CPU = Release|Any CPU
	EndGlobalSection
	GlobalSection(ProjectConfigurationPlatforms) = postSolution
		{159A8C12-3202-451E-A0F2-572ADAF15665}.Debug|Any CPU.ActiveCfg = Debug|Any CPU
		{159A8C12-3202-451E-A0F2-572ADAF15665}.Debug|Any CPU.Build.0 = Debug|Any CPU
		{159A8C12-3202-451E-A0F2-572ADAF15665}.Release|Any CPU.ActiveCfg = Release|Any CPU
		{159A8C12-3202-451E-A0F2-572ADAF15665}.Release|Any CPU.Build.0 = Release|Any CPU
	EndGlobalSection
	GlobalSection(SolutionProperties) = preSolution
		HideSolutionNode = FALSE
	EndGlobalSection
	GlobalSection(ExtensibilityGlobals) = postSolution
		SolutionGuid = {BB2D387C-B307-42D0-BF2F-6879C2A67F74}
	EndGlobalSection
EndGlobal
